
Microsoft Visual Studio Solution File, Format Version 12.00
# Visual Studio Version 17
VisualStudioVersion = 17.13.35806.99
MinimumVisualStudioVersion = 10.0.40219.1
Project("{FAE04EC0-301F-11D3-BF4B-00C04F79EFBC}") = "ClientPart", "ClientPart\ClientPart.csproj", "{EEF5FF85-4759-4014-AD77-0FD9F430E239}"
EndProject
Project("{FAE04EC0-301F-11D3-BF4B-00C04F79EFBC}") = "Data", "Data\Data.csproj", "{2EDF7F80-59D7-436B-BF5E-4BD932E5FF1F}"
EndProject
Project("{FAE04EC0-301F-11D3-BF4B-00C04F79EFBC}") = "Server", "Server\Server.csproj", "{4D33FD27-FB47-4554-B955-A2F524331A69}"
EndProject
Global
	GlobalSection(SolutionConfigurationPlatforms) = preSolution
		Debug|Any CPU = Debug|Any CPU
		Release|Any CPU = Release|Any CPU
	EndGlobalSection
	GlobalSection(ProjectConfigurationPlatforms) = postSolution
		{EEF5FF85-4759-4014-AD77-0FD9F430E239}.Debug|Any CPU.ActiveCfg = Debug|Any CPU
		{EEF5FF85-4759-4014-AD77-0FD9F430E239}.Debug|Any CPU.Build.0 = Debug|Any CPU
		{EEF5FF85-4759-4014-AD77-0FD9F430E239}.Release|Any CPU.ActiveCfg = Release|Any CPU
		{EEF5FF85-4759-4014-AD77-0FD9F430E239}.Release|Any CPU.Build.0 = Release|Any CPU
		{2EDF7F80-59D7-436B-BF5E-4BD932E5FF1F}.Debug|Any CPU.ActiveCfg = Debug|Any CPU
		{2EDF7F80-59D7-436B-BF5E-4BD932E5FF1F}.Debug|Any CPU.Build.0 = Debug|Any CPU
		{2EDF7F80-59D7-436B-BF5E-4BD932E5FF1F}.Release|Any CPU.ActiveCfg = Release|Any CPU
		{2EDF7F80-59D7-436B-BF5E-4BD932E5FF1F}.Release|Any CPU.Build.0 = Release|Any CPU
		{4D33FD27-FB47-4554-B955-A2F524331A69}.Debug|Any CPU.ActiveCfg = Debug|Any CPU
		{4D33FD27-FB47-4554-B955-A2F524331A69}.Debug|Any CPU.Build.0 = Debug|Any CPU
		{4D33FD27-FB47-4554-B955-A2F524331A69}.Release|Any CPU.ActiveCfg = Release|Any CPU
		{4D33FD27-FB47-4554-B955-A2F524331A69}.Release|Any CPU.Build.0 = Release|Any CPU
	EndGlobalSection
	GlobalSection(SolutionProperties) = preSolution
		HideSolutionNode = FALSE
	EndGlobalSection
	GlobalSection(ExtensibilityGlobals) = postSolution
		SolutionGuid = {93D43E15-3C2A-488C-89D0-778F3037E4D3}
	EndGlobalSection
EndGlobal
